// !$*UTF8*$!
{
	archiveVersion = 1;
	classes = {
	};
	objectVersion = 55;
	objects = {

/* Begin PBXBuildFile section */
		8865EC1E28F714640023817F /* YoutubeCloneApp.swift in Sources */ = {isa = PBXBuildFile; fileRef = 8865EC1D28F714640023817F /* YoutubeCloneApp.swift */; };
		8865EC2028F714640023817F /* ContentView.swift in Sources */ = {isa = PBXBuildFile; fileRef = 8865EC1F28F714640023817F /* ContentView.swift */; };
		8865EC2228F714660023817F /* Assets.xcassets in Resources */ = {isa = PBXBuildFile; fileRef = 8865EC2128F714660023817F /* Assets.xcassets */; };
		8865EC2528F714660023817F /* Preview Assets.xcassets in Resources */ = {isa = PBXBuildFile; fileRef = 8865EC2428F714660023817F /* Preview Assets.xcassets */; };
		8865EC2F28F714660023817F /* YoutubeCloneTests.swift in Sources */ = {isa = PBXBuildFile; fileRef = 8865EC2E28F714660023817F /* YoutubeCloneTests.swift */; };
		8865EC3928F714660023817F /* YoutubeCloneUITests.swift in Sources */ = {isa = PBXBuildFile; fileRef = 8865EC3828F714660023817F /* YoutubeCloneUITests.swift */; };
		8865EC3B28F714660023817F /* YoutubeCloneUITestsLaunchTests.swift in Sources */ = {isa = PBXBuildFile; fileRef = 8865EC3A28F714660023817F /* YoutubeCloneUITestsLaunchTests.swift */; };
/* End PBXBuildFile section */

/* Begin PBXContainerItemProxy section */
		8865EC2B28F714660023817F /* PBXContainerItemProxy */ = {
			isa = PBXContainerItemProxy;
			containerPortal = 8865EC1228F714640023817F /* Project object */;
			proxyType = 1;
			remoteGlobalIDString = 8865EC1928F714640023817F;
			remoteInfo = YoutubeClone;
		};
		8865EC3528F714660023817F /* PBXContainerItemProxy */ = {
			isa = PBXContainerItemProxy;
			containerPortal = 8865EC1228F714640023817F /* Project object */;
			proxyType = 1;
			remoteGlobalIDString = 8865EC1928F714640023817F;
			remoteInfo = YoutubeClone;
		};
/* End PBXContainerItemProxy section */

/* Begin PBXFileReference section */
		8865EC1A28F714640023817F /* YoutubeClone.app */ = {isa = PBXFileReference; explicitFileType = wrapper.application; includeInIndex = 0; path = YoutubeClone.app; sourceTree = BUILT_PRODUCTS_DIR; };
		8865EC1D28F714640023817F /* YoutubeCloneApp.swift */ = {isa = PBXFileReference; lastKnownFileType = sourcecode.swift; path = YoutubeCloneApp.swift; sourceTree = "<group>"; };
		8865EC1F28F714640023817F /* ContentView.swift */ = {isa = PBXFileReference; lastKnownFileType = sourcecode.swift; path = ContentView.swift; sourceTree = "<group>"; };
		8865EC2128F714660023817F /* Assets.xcassets */ = {isa = PBXFileReference; lastKnownFileType = folder.assetcatalog; path = Assets.xcassets; sourceTree = "<group>"; };
		8865EC2428F714660023817F /* Preview Assets.xcassets */ = {isa = PBXFileReference; lastKnownFileType = folder.assetcatalog; path = "Preview Assets.xcassets"; sourceTree = "<group>"; };
		8865EC2A28F714660023817F /* YoutubeCloneTests.xctest */ = {isa = PBXFileReference; explicitFileType = wrapper.cfbundle; includeInIndex = 0; path = YoutubeCloneTests.xctest; sourceTree = BUILT_PRODUCTS_DIR; };
		8865EC2E28F714660023817F /* YoutubeCloneTests.swift */ = {isa = PBXFileReference; lastKnownFileType = sourcecode.swift; path = YoutubeCloneTests.swift; sourceTree = "<group>"; };
		8865EC3428F714660023817F /* YoutubeCloneUITests.xctest */ = {isa = PBXFileReference; explicitFileType = wrapper.cfbundle; includeInIndex = 0; path = YoutubeCloneUITests.xctest; sourceTree = BUILT_PRODUCTS_DIR; };
		8865EC3828F714660023817F /* YoutubeCloneUITests.swift */ = {isa = PBXFileReference; lastKnownFileType = sourcecode.swift; path = YoutubeCloneUITests.swift; sourceTree = "<group>"; };
		8865EC3A28F714660023817F /* YoutubeCloneUITestsLaunchTests.swift */ = {isa = PBXFileReference; lastKnownFileType = sourcecode.swift; path = YoutubeCloneUITestsLaunchTests.swift; sourceTree = "<group>"; };
/* End PBXFileReference section */

/* Begin PBXFrameworksBuildPhase section */
		8865EC1728F714640023817F /* Frameworks */ = {
			isa = PBXFrameworksBuildPhase;
			buildActionMask = 2147483647;
			files = (
			);
			runOnlyForDeploymentPostprocessing = 0;
		};
		8865EC2728F714660023817F /* Frameworks */ = {
			isa = PBXFrameworksBuildPhase;
			buildActionMask = 2147483647;
			files = (
			);
			runOnlyForDeploymentPostprocessing = 0;
		};
		8865EC3128F714660023817F /* Frameworks */ = {
			isa = PBXFrameworksBuildPhase;
			buildActionMask = 2147483647;
			files = (
			);
			runOnlyForDeploymentPostprocessing = 0;
		};
/* End PBXFrameworksBuildPhase section */

/* Begin PBXGroup section */
		8865EC1128F714640023817F = {
			isa = PBXGroup;
			children = (
				8865EC1C28F714640023817F /* YoutubeClone */,
				8865EC2D28F714660023817F /* YoutubeCloneTests */,
				8865EC3728F714660023817F /* YoutubeCloneUITests */,
				8865EC1B28F714640023817F /* Products */,
			);
			sourceTree = "<group>";
		};
		8865EC1B28F714640023817F /* Products */ = {
			isa = PBXGroup;
			children = (
				8865EC1A28F714640023817F /* YoutubeClone.app */,
				8865EC2A28F714660023817F /* YoutubeCloneTests.xctest */,
				8865EC3428F714660023817F /* YoutubeCloneUITests.xctest */,
			);
			name = Products;
			sourceTree = "<group>";
		};
		8865EC1C28F714640023817F /* YoutubeClone */ = {
			isa = PBXGroup;
			children = (
				8865EC1D28F714640023817F /* YoutubeCloneApp.swift */,
				8865EC1F28F714640023817F /* ContentView.swift */,
				8865EC2128F714660023817F /* Assets.xcassets */,
				8865EC2328F714660023817F /* Preview Content */,
			);
			path = YoutubeClone;
			sourceTree = "<group>";
		};
		8865EC2328F714660023817F /* Preview Content */ = {
			isa = PBXGroup;
			children = (
				8865EC2428F714660023817F /* Preview Assets.xcassets */,
			);
			path = "Preview Content";
			sourceTree = "<group>";
		};
		8865EC2D28F714660023817F /* YoutubeCloneTests */ = {
			isa = PBXGroup;
			children = (
				8865EC2E28F714660023817F /* YoutubeCloneTests.swift */,
			);
			path = YoutubeCloneTests;
			sourceTree = "<group>";
		};
		8865EC3728F714660023817F /* YoutubeCloneUITests */ = {
			isa = PBXGroup;
			children = (
				8865EC3828F714660023817F /* YoutubeCloneUITests.swift */,
				8865EC3A28F714660023817F /* YoutubeCloneUITestsLaunchTests.swift */,
			);
			path = YoutubeCloneUITests;
			sourceTree = "<group>";
		};
/* End PBXGroup section */

/* Begin PBXNativeTarget section */
		8865EC1928F714640023817F /* YoutubeClone */ = {
			isa = PBXNativeTarget;
			buildConfigurationList = 8865EC3E28F714660023817F /* Build configuration list for PBXNativeTarget "YoutubeClone" */;
			buildPhases = (
				8865EC1628F714640023817F /* Sources */,
				8865EC1728F714640023817F /* Frameworks */,
				8865EC1828F714640023817F /* Resources */,
			);
			buildRules = (
			);
			dependencies = (
			);
			name = YoutubeClone;
			productName = YoutubeClone;
			productReference = 8865EC1A28F714640023817F /* YoutubeClone.app */;
			productType = "com.apple.product-type.application";
		};
		8865EC2928F714660023817F /* YoutubeCloneTests */ = {
			isa = PBXNativeTarget;
			buildConfigurationList = 8865EC4128F714660023817F /* Build configuration list for PBXNativeTarget "YoutubeCloneTests" */;
			buildPhases = (
				8865EC2628F714660023817F /* Sources */,
				8865EC2728F714660023817F /* Frameworks */,
				8865EC2828F714660023817F /* Resources */,
			);
			buildRules = (
			);
			dependencies = (
				8865EC2C28F714660023817F /* PBXTargetDependency */,
			);
			name = YoutubeCloneTests;
			productName = YoutubeCloneTests;
			productReference = 8865EC2A28F714660023817F /* YoutubeCloneTests.xctest */;
			productType = "com.apple.product-type.bundle.unit-test";
		};
		8865EC3328F714660023817F /* YoutubeCloneUITests */ = {
			isa = PBXNativeTarget;
			buildConfigurationList = 8865EC4428F714660023817F /* Build configuration list for PBXNativeTarget "YoutubeCloneUITests" */;
			buildPhases = (
				8865EC3028F714660023817F /* Sources */,
				8865EC3128F714660023817F /* Frameworks */,
				8865EC3228F714660023817F /* Resources */,
			);
			buildRules = (
			);
			dependencies = (
				8865EC3628F714660023817F /* PBXTargetDependency */,
			);
			name = YoutubeCloneUITests;
			productName = YoutubeCloneUITests;
			productReference = 8865EC3428F714660023817F /* YoutubeCloneUITests.xctest */;
			productType = "com.apple.product-type.bundle.ui-testing";
		};
/* End PBXNativeTarget section */

/* Begin PBXProject section */
		8865EC1228F714640023817F /* Project object */ = {
			isa = PBXProject;
			attributes = {
				BuildIndependentTargetsInParallel = 1;
				LastSwiftUpdateCheck = 1340;
				LastUpgradeCheck = 1340;
				TargetAttributes = {
					8865EC1928F714640023817F = {
						CreatedOnToolsVersion = 13.4.1;
					};
					8865EC2928F714660023817F = {
						CreatedOnToolsVersion = 13.4.1;
						TestTargetID = 8865EC1928F714640023817F;
					};
					8865EC3328F714660023817F = {
						CreatedOnToolsVersion = 13.4.1;
						TestTargetID = 8865EC1928F714640023817F;
					};
				};
			};
			buildConfigurationList = 8865EC1528F714640023817F /* Build configuration list for PBXProject "YoutubeClone" */;
			compatibilityVersion = "Xcode 13.0";
			developmentRegion = en;
			hasScannedForEncodings = 0;
			knownRegions = (
				en,
				Base,
			);
			mainGroup = 8865EC1128F714640023817F;
			productRefGroup = 8865EC1B28F714640023817F /* Products */;
			projectDirPath = "";
			projectRoot = "";
			targets = (
				8865EC1928F714640023817F /* YoutubeClone */,
				8865EC2928F714660023817F /* YoutubeCloneTests */,
				8865EC3328F714660023817F /* YoutubeCloneUITests */,
			);
		};
/* End PBXProject section */

/* Begin PBXResourcesBuildPhase section */
		8865EC1828F714640023817F /* Resources */ = {
			isa = PBXResourcesBuildPhase;
			buildActionMask = 2147483647;
			files = (
				8865EC2528F714660023817F /* Preview Assets.xcassets in Resources */,
				8865EC2228F714660023817F /* Assets.xcassets in Resources */,
			);
			runOnlyForDeploymentPostprocessing = 0;
		};
		8865EC2828F714660023817F /* Resources */ = {
			isa = PBXResourcesBuildPhase;
			buildActionMask = 2147483647;
			files = (
			);
			runOnlyForDeploymentPostprocessing = 0;
		};
		8865EC3228F714660023817F /* Resources */ = {
			isa = PBXResourcesBuildPhase;
			buildActionMask = 2147483647;
			files = (
			);
			runOnlyForDeploymentPostprocessing = 0;
		};
/* End PBXResourcesBuildPhase section */

/* Begin PBXSourcesBuildPhase section */
		8865EC1628F714640023817F /* Sources */ = {
			isa = PBXSourcesBuildPhase;
			buildActionMask = 2147483647;
			files = (
				8865EC2028F714640023817F /* ContentView.swift in Sources */,
				8865EC1E28F714640023817F /* YoutubeCloneApp.swift in Sources */,
			);
			runOnlyForDeploymentPostprocessing = 0;
		};
		8865EC2628F714660023817F /* Sources */ = {
			isa = PBXSourcesBuildPhase;
			buildActionMask = 2147483647;
			files = (
				8865EC2F28F714660023817F /* YoutubeCloneTests.swift in Sources */,
			);
			runOnlyForDeploymentPostprocessing = 0;
		};
		8865EC3028F714660023817F /* Sources */ = {
			isa = PBXSourcesBuildPhase;
			buildActionMask = 2147483647;
			files = (
				8865EC3B28F714660023817F /* YoutubeCloneUITestsLaunchTests.swift in Sources */,
				8865EC3928F714660023817F /* YoutubeCloneUITests.swift in Sources */,
			);
			runOnlyForDeploymentPostprocessing = 0;
		};
/* End PBXSourcesBuildPhase section */

/* Begin PBXTargetDependency section */
		8865EC2C28F714660023817F /* PBXTargetDependency */ = {
			isa = PBXTargetDependency;
			target = 8865EC1928F714640023817F /* YoutubeClone */;
			targetProxy = 8865EC2B28F714660023817F /* PBXContainerItemProxy */;
		};
		8865EC3628F714660023817F /* PBXTargetDependency */ = {
			isa = PBXTargetDependency;
			target = 8865EC1928F714640023817F /* YoutubeClone */;
			targetProxy = 8865EC3528F714660023817F /* PBXContainerItemProxy */;
		};
/* End PBXTargetDependency section */

/* Begin XCBuildConfiguration section */
		8865EC3C28F714660023817F /* Debug */ = {
			isa = XCBuildConfiguration;
			buildSettings = {
				ALWAYS_SEARCH_USER_PATHS = NO;
				CLANG_ANALYZER_NONNULL = YES;
				CLANG_ANALYZER_NUMBER_OBJECT_CONVERSION = YES_AGGRESSIVE;
				CLANG_CXX_LANGUAGE_STANDARD = "gnu++17";
				CLANG_ENABLE_MODULES = YES;
				CLANG_ENABLE_OBJC_ARC = YES;
				CLANG_ENABLE_OBJC_WEAK = YES;
				CLANG_WARN_BLOCK_CAPTURE_AUTORELEASING = YES;
				CLANG_WARN_BOOL_CONVERSION = YES;
				CLANG_WARN_COMMA = YES;
				CLANG_WARN_CONSTANT_CONVERSION = YES;
				CLANG_WARN_DEPRECATED_OBJC_IMPLEMENTATIONS = YES;
				CLANG_WARN_DIRECT_OBJC_ISA_USAGE = YES_ERROR;
				CLANG_WARN_DOCUMENTATION_COMMENTS = YES;
				CLANG_WARN_EMPTY_BODY = YES;
				CLANG_WARN_ENUM_CONVERSION = YES;
				CLANG_WARN_INFINITE_RECURSION = YES;
				CLANG_WARN_INT_CONVERSION = YES;
				CLANG_WARN_NON_LITERAL_NULL_CONVERSION = YES;
				CLANG_WARN_OBJC_IMPLICIT_RETAIN_SELF = YES;
				CLANG_WARN_OBJC_LITERAL_CONVERSION = YES;
				CLANG_WARN_OBJC_ROOT_CLASS = YES_ERROR;
				CLANG_WARN_QUOTED_INCLUDE_IN_FRAMEWORK_HEADER = YES;
				CLANG_WARN_RANGE_LOOP_ANALYSIS = YES;
				CLANG_WARN_STRICT_PROTOTYPES = YES;
				CLANG_WARN_SUSPICIOUS_MOVE = YES;
				CLANG_WARN_UNGUARDED_AVAILABILITY = YES_AGGRESSIVE;
				CLANG_WARN_UNREACHABLE_CODE = YES;
				CLANG_WARN__DUPLICATE_METHOD_MATCH = YES;
				COPY_PHASE_STRIP = NO;
				DEBUG_INFORMATION_FORMAT = dwarf;
				ENABLE_STRICT_OBJC_MSGSEND = YES;
				ENABLE_TESTABILITY = YES;
				GCC_C_LANGUAGE_STANDARD = gnu11;
				GCC_DYNAMIC_NO_PIC = NO;
				GCC_NO_COMMON_BLOCKS = YES;
				GCC_OPTIMIZATION_LEVEL = 0;
				GCC_PREPROCESSOR_DEFINITIONS = (
					"DEBUG=1",
					"$(inherited)",
				);
				GCC_WARN_64_TO_32_BIT_CONVERSION = YES;
				GCC_WARN_ABOUT_RETURN_TYPE = YES_ERROR;
				GCC_WARN_UNDECLARED_SELECTOR = YES;
				GCC_WARN_UNINITIALIZED_AUTOS = YES_AGGRESSIVE;
				GCC_WARN_UNUSED_FUNCTION = YES;
				GCC_WARN_UNUSED_VARIABLE = YES;
				IPHONEOS_DEPLOYMENT_TARGET = 15.5;
				MTL_ENABLE_DEBUG_INFO = INCLUDE_SOURCE;
				MTL_FAST_MATH = YES;
				ONLY_ACTIVE_ARCH = YES;
				SDKROOT = iphoneos;
				SWIFT_ACTIVE_COMPILATION_CONDITIONS = DEBUG;
				SWIFT_OPTIMIZATION_LEVEL = "-Onone";
			};
			name = Debug;
		};
		8865EC3D28F714660023817F /* Release */ = {
			isa = XCBuildConfiguration;
			buildSettings = {
				ALWAYS_SEARCH_USER_PATHS = NO;
				CLANG_ANALYZER_NONNULL = YES;
				CLANG_ANALYZER_NUMBER_OBJECT_CONVERSION = YES_AGGRESSIVE;
				CLANG_CXX_LANGUAGE_STANDARD = "gnu++17";
				CLANG_ENABLE_MODULES = YES;
				CLANG_ENABLE_OBJC_ARC = YES;
				CLANG_ENABLE_OBJC_WEAK = YES;
				CLANG_WARN_BLOCK_CAPTURE_AUTORELEASING = YES;
				CLANG_WARN_BOOL_CONVERSION = YES;
				CLANG_WARN_COMMA = YES;
				CLANG_WARN_CONSTANT_CONVERSION = YES;
				CLANG_WARN_DEPRECATED_OBJC_IMPLEMENTATIONS = YES;
				CLANG_WARN_DIRECT_OBJC_ISA_USAGE = YES_ERROR;
				CLANG_WARN_DOCUMENTATION_COMMENTS = YES;
				CLANG_WARN_EMPTY_BODY = YES;
				CLANG_WARN_ENUM_CONVERSION = YES;
				CLANG_WARN_INFINITE_RECURSION = YES;
				CLANG_WARN_INT_CONVERSION = YES;
				CLANG_WARN_NON_LITERAL_NULL_CONVERSION = YES;
				CLANG_WARN_OBJC_IMPLICIT_RETAIN_SELF = YES;
				CLANG_WARN_OBJC_LITERAL_CONVERSION = YES;
				CLANG_WARN_OBJC_ROOT_CLASS = YES_ERROR;
				CLANG_WARN_QUOTED_INCLUDE_IN_FRAMEWORK_HEADER = YES;
				CLANG_WARN_RANGE_LOOP_ANALYSIS = YES;
				CLANG_WARN_STRICT_PROTOTYPES = YES;
				CLANG_WARN_SUSPICIOUS_MOVE = YES;
				CLANG_WARN_UNGUARDED_AVAILABILITY = YES_AGGRESSIVE;
				CLANG_WARN_UNREACHABLE_CODE = YES;
				CLANG_WARN__DUPLICATE_METHOD_MATCH = YES;
				COPY_PHASE_STRIP = NO;
				DEBUG_INFORMATION_FORMAT = "dwarf-with-dsym";
				ENABLE_NS_ASSERTIONS = NO;
				ENABLE_STRICT_OBJC_MSGSEND = YES;
				GCC_C_LANGUAGE_STANDARD = gnu11;
				GCC_NO_COMMON_BLOCKS = YES;
				GCC_WARN_64_TO_32_BIT_CONVERSION = YES;
				GCC_WARN_ABOUT_RETURN_TYPE = YES_ERROR;
				GCC_WARN_UNDECLARED_SELECTOR = YES;
				GCC_WARN_UNINITIALIZED_AUTOS = YES_AGGRESSIVE;
				GCC_WARN_UNUSED_FUNCTION = YES;
				GCC_WARN_UNUSED_VARIABLE = YES;
				IPHONEOS_DEPLOYMENT_TARGET = 15.5;
				MTL_ENABLE_DEBUG_INFO = NO;
				MTL_FAST_MATH = YES;
				SDKROOT = iphoneos;
				SWIFT_COMPILATION_MODE = wholemodule;
				SWIFT_OPTIMIZATION_LEVEL = "-O";
				VALIDATE_PRODUCT = YES;
			};
			name = Release;
		};
		8865EC3F28F714660023817F /* Debug */ = {
			isa = XCBuildConfiguration;
			buildSettings = {
				ASSETCATALOG_COMPILER_APPICON_NAME = AppIcon;
				ASSETCATALOG_COMPILER_GLOBAL_ACCENT_COLOR_NAME = AccentColor;
				CODE_SIGN_STYLE = Automatic;
				CURRENT_PROJECT_VERSION = 1;
				DEVELOPMENT_ASSET_PATHS = "\"YoutubeClone/Preview Content\"";
				ENABLE_PREVIEWS = YES;
				GENERATE_INFOPLIST_FILE = YES;
				INFOPLIST_KEY_UIApplicationSceneManifest_Generation = YES;
				INFOPLIST_KEY_UIApplicationSupportsIndirectInputEvents = YES;
				INFOPLIST_KEY_UILaunchScreen_Generation = YES;
				INFOPLIST_KEY_UISupportedInterfaceOrientations_iPad = "UIInterfaceOrientationPortrait UIInterfaceOrientationPortraitUpsideDown UIInterfaceOrientationLandscapeLeft UIInterfaceOrientationLandscapeRight";
				INFOPLIST_KEY_UISupportedInterfaceOrientations_iPhone = "UIInterfaceOrientationPortrait UIInterfaceOrientationLandscapeLeft UIInterfaceOrientationLandscapeRight";
				LD_RUNPATH_SEARCH_PATHS = (
					"$(inherited)",
					"@executable_path/Frameworks",
				);
				MARKETING_VERSION = 1.0;
				PRODUCT_BUNDLE_IDENTIFIER = com.ridhomujizat.YoutubeClone;
				PRODUCT_NAME = "$(TARGET_NAME)";
				SWIFT_EMIT_LOC_STRINGS = YES;
				SWIFT_VERSION = 5.0;
				TARGETED_DEVICE_FAMILY = "1,2";
			};
			name = Debug;
		};
		8865EC4028F714660023817F /* Release */ = {
			isa = XCBuildConfiguration;
			buildSettings = {
				ASSETCATALOG_COMPILER_APPICON_NAME = AppIcon;
				ASSETCATALOG_COMPILER_GLOBAL_ACCENT_COLOR_NAME = AccentColor;
				CODE_SIGN_STYLE = Automatic;
				CURRENT_PROJECT_VERSION = 1;
				DEVELOPMENT_ASSET_PATHS = "\"YoutubeClone/Preview Content\"";
				ENABLE_PREVIEWS = YES;
				GENERATE_INFOPLIST_FILE = YES;
				INFOPLIST_KEY_UIApplicationSceneManifest_Generation = YES;
				INFOPLIST_KEY_UIApplicationSupportsIndirectInputEvents = YES;
				INFOPLIST_KEY_UILaunchScreen_Generation = YES;
				INFOPLIST_KEY_UISupportedInterfaceOrientations_iPad = "UIInterfaceOrientationPortrait UIInterfaceOrientationPortraitUpsideDown UIInterfaceOrientationLandscapeLeft UIInterfaceOrientationLandscapeRight";
				INFOPLIST_KEY_UISupportedInterfaceOrientations_iPhone = "UIInterfaceOrientationPortrait UIInterfaceOrientationLandscapeLeft UIInterfaceOrientationLandscapeRight";
				LD_RUNPATH_SEARCH_PATHS = (
					"$(inherited)",
					"@executable_path/Frameworks",
				);
				MARKETING_VERSION = 1.0;
				PRODUCT_BUNDLE_IDENTIFIER = com.ridhomujizat.YoutubeClone;
				PRODUCT_NAME = "$(TARGET_NAME)";
				SWIFT_EMIT_LOC_STRINGS = YES;
				SWIFT_VERSION = 5.0;
				TARGETED_DEVICE_FAMILY = "1,2";
			};
			name = Release;
		};
		8865EC4228F714660023817F /* Debug */ = {
			isa = XCBuildConfiguration;
			buildSettings = {
				ALWAYS_EMBED_SWIFT_STANDARD_LIBRARIES = YES;
				BUNDLE_LOADER = "$(TEST_HOST)";
				CODE_SIGN_STYLE = Automatic;
				CURRENT_PROJECT_VERSION = 1;
				GENERATE_INFOPLIST_FILE = YES;
				IPHONEOS_DEPLOYMENT_TARGET = 15.5;
				MARKETING_VERSION = 1.0;
				PRODUCT_BUNDLE_IDENTIFIER = com.ridhomujizat.YoutubeCloneTests;
				PRODUCT_NAME = "$(TARGET_NAME)";
				SWIFT_EMIT_LOC_STRINGS = NO;
				SWIFT_VERSION = 5.0;
				TARGETED_DEVICE_FAMILY = "1,2";
				TEST_HOST = "$(BUILT_PRODUCTS_DIR)/YoutubeClone.app/YoutubeClone";
			};
			name = Debug;
		};
		8865EC4328F714660023817F /* Release */ = {
			isa = XCBuildConfiguration;
			buildSettings = {
				ALWAYS_EMBED_SWIFT_STANDARD_LIBRARIES = YES;
				BUNDLE_LOADER = "$(TEST_HOST)";
				CODE_SIGN_STYLE = Automatic;
				CURRENT_PROJECT_VERSION = 1;
				GENERATE_INFOPLIST_FILE = YES;
				IPHONEOS_DEPLOYMENT_TARGET = 15.5;
				MARKETING_VERSION = 1.0;
				PRODUCT_BUNDLE_IDENTIFIER = com.ridhomujizat.YoutubeCloneTests;
				PRODUCT_NAME = "$(TARGET_NAME)";
				SWIFT_EMIT_LOC_STRINGS = NO;
				SWIFT_VERSION = 5.0;
				TARGETED_DEVICE_FAMILY = "1,2";
				TEST_HOST = "$(BUILT_PRODUCTS_DIR)/YoutubeClone.app/YoutubeClone";
			};
			name = Release;
		};
		8865EC4528F714660023817F /* Debug */ = {
			isa = XCBuildConfiguration;
			buildSettings = {
				ALWAYS_EMBED_SWIFT_STANDARD_LIBRARIES = YES;
				CODE_SIGN_STYLE = Automatic;
				CURRENT_PROJECT_VERSION = 1;
				GENERATE_INFOPLIST_FILE = YES;
				MARKETING_VERSION = 1.0;
				PRODUCT_BUNDLE_IDENTIFIER = com.ridhomujizat.YoutubeCloneUITests;
				PRODUCT_NAME = "$(TARGET_NAME)";
				SWIFT_EMIT_LOC_STRINGS = NO;
				SWIFT_VERSION = 5.0;
				TARGETED_DEVICE_FAMILY = "1,2";
				TEST_TARGET_NAME = YoutubeClone;
			};
			name = Debug;
		};
		8865EC4628F714660023817F /* Release */ = {
			isa = XCBuildConfiguration;
			buildSettings = {
				ALWAYS_EMBED_SWIFT_STANDARD_LIBRARIES = YES;
				CODE_SIGN_STYLE = Automatic;
				CURRENT_PROJECT_VERSION = 1;
				GENERATE_INFOPLIST_FILE = YES;
				MARKETING_VERSION = 1.0;
				PRODUCT_BUNDLE_IDENTIFIER = com.ridhomujizat.YoutubeCloneUITests;
				PRODUCT_NAME = "$(TARGET_NAME)";
				SWIFT_EMIT_LOC_STRINGS = NO;
				SWIFT_VERSION = 5.0;
				TARGETED_DEVICE_FAMILY = "1,2";
				TEST_TARGET_NAME = YoutubeClone;
			};
			name = Release;
		};
/* End XCBuildConfiguration section */

/* Begin XCConfigurationList section */
		8865EC1528F714640023817F /* Build configuration list for PBXProject "YoutubeClone" */ = {
			isa = XCConfigurationList;
			buildConfigurations = (
				8865EC3C28F714660023817F /* Debug */,
				8865EC3D28F714660023817F /* Release */,
			);
			defaultConfigurationIsVisible = 0;
			defaultConfigurationName = Release;
		};
		8865EC3E28F714660023817F /* Build configuration list for PBXNativeTarget "YoutubeClone" */ = {
			isa = XCConfigurationList;
			buildConfigurations = (
				8865EC3F28F714660023817F /* Debug */,
				8865EC4028F714660023817F /* Release */,
			);
			defaultConfigurationIsVisible = 0;
			defaultConfigurationName = Release;
		};
		8865EC4128F714660023817F /* Build configuration list for PBXNativeTarget "YoutubeCloneTests" */ = {
			isa = XCConfigurationList;
			buildConfigurations = (
				8865EC4228F714660023817F /* Debug */,
				8865EC4328F714660023817F /* Release */,
			);
			defaultConfigurationIsVisible = 0;
			defaultConfigurationName = Release;
		};
		8865EC4428F714660023817F /* Build configuration list for PBXNativeTarget "YoutubeCloneUITests" */ = {
			isa = XCConfigurationList;
			buildConfigurations = (
				8865EC4528F714660023817F /* Debug */,
				8865EC4628F714660023817F /* Release */,
			);
			defaultConfigurationIsVisible = 0;
			defaultConfigurationName = Release;
		};
/* End XCConfigurationList section */
	};
	rootObject = 8865EC1228F714640023817F /* Project object */;
}
